
Microsoft Visual Studio Solution File, Format Version 12.00
# Visual Studio Version 16
VisualStudioVersion = 16.0.28803.352
MinimumVisualStudioVersion = 10.0.40219.1
Project("{FAE04EC0-301F-11D3-BF4B-00C04F79EFBC}") = "ProjetoTeste", "ProjetoTeste\ProjetoTeste.csproj", "{F2BF7939-6B2F-4614-B8A9-56AB52D3B2F1}"
EndProject
Global
	GlobalSection(SolutionConfigurationPlatforms) = preSolution
		Debug|Any CPU = Debug|Any CPU
		Release|Any CPU = Release|Any CPU
	EndGlobalSection
	GlobalSection(ProjectConfigurationPlatforms) = postSolution
		{F2BF7939-6B2F-4614-B8A9-56AB52D3B2F1}.Debug|Any CPU.ActiveCfg = Debug|Any CPU
		{F2BF7939-6B2F-4614-B8A9-56AB52D3B2F1}.Debug|Any CPU.Build.0 = Debug|Any CPU
		{F2BF7939-6B2F-4614-B8A9-56AB52D3B2F1}.Release|Any CPU.ActiveCfg = Release|Any CPU
		{F2BF7939-6B2F-4614-B8A9-56AB52D3B2F1}.Release|Any CPU.Build.0 = Release|Any CPU
	EndGlobalSection
	GlobalSection(SolutionProperties) = preSolution
		HideSolutionNode = FALSE
	EndGlobalSection
	GlobalSection(ExtensibilityGlobals) = postSolution
		SolutionGuid = {DBBB0683-F817-47CA-9C63-7A8039E112FA}
	EndGlobalSection
EndGlobal
